
Microsoft Visual Studio Solution File, Format Version 12.00
# Visual Studio 14
VisualStudioVersion = 14.0.25420.1
MinimumVisualStudioVersion = 10.0.40219.1
Project("{FAE04EC0-301F-11D3-BF4B-00C04F79EFBC}") = "Panda.DevUtil.MySql", "Panda.DevUtil.MySql\Panda.DevUtil.MySql.csproj", "{82E274A5-57CE-4395-807B-4297108D2B3D}"
EndProject
Project("{FAE04EC0-301F-11D3-BF4B-00C04F79EFBC}") = "Panda.DevUtil.MySql.Demo", "Panda.DevUtil.MySql.Demo\Panda.DevUtil.MySql.Demo.csproj", "{D877F388-74AA-4BBA-909D-E8863651FB3A}"
EndProject
Global
	GlobalSection(SolutionConfigurationPlatforms) = preSolution
		Debug|Any CPU = Debug|Any CPU
		Release|Any CPU = Release|Any CPU
	EndGlobalSection
	GlobalSection(ProjectConfigurationPlatforms) = postSolution
		{82E274A5-57CE-4395-807B-4297108D2B3D}.Debug|Any CPU.ActiveCfg = Debug|Any CPU
		{82E274A5-57CE-4395-807B-4297108D2B3D}.Debug|Any CPU.Build.0 = Debug|Any CPU
		{82E274A5-57CE-4395-807B-4297108D2B3D}.Release|Any CPU.ActiveCfg = Release|Any CPU
		{82E274A5-57CE-4395-807B-4297108D2B3D}.Release|Any CPU.Build.0 = Release|Any CPU
		{D877F388-74AA-4BBA-909D-E8863651FB3A}.Debug|Any CPU.ActiveCfg = Debug|Any CPU
		{D877F388-74AA-4BBA-909D-E8863651FB3A}.Debug|Any CPU.Build.0 = Debug|Any CPU
		{D877F388-74AA-4BBA-909D-E8863651FB3A}.Release|Any CPU.ActiveCfg = Release|Any CPU
		{D877F388-74AA-4BBA-909D-E8863651FB3A}.Release|Any CPU.Build.0 = Release|Any CPU
	EndGlobalSection
	GlobalSection(SolutionProperties) = preSolution
		HideSolutionNode = FALSE
	EndGlobalSection
EndGlobal
